
Microsoft Visual Studio Solution File, Format Version 12.00
# Visual Studio 14
VisualStudioVersion = 14.0.25420.1
MinimumVisualStudioVersion = 10.0.40219.1
Project("{FAE04EC0-301F-11D3-BF4B-00C04F79EFBC}") = "Sample", "Sample\Sample.csproj", "{C6ECA656-0BB9-4BC7-8EB2-FD9D6BE45604}"
EndProject
Project("{FAE04EC0-301F-11D3-BF4B-00C04F79EFBC}") = "DroidBinding_AMap", "DroidBinding_AMap\DroidBinding_AMap.csproj", "{74505E93-69F9-40A3-A405-8A8AD69036C3}"
EndProject
Global
	GlobalSection(SolutionConfigurationPlatforms) = preSolution
		Debug|Any CPU = Debug|Any CPU
		Release|Any CPU = Release|Any CPU
	EndGlobalSection
	GlobalSection(ProjectConfigurationPlatforms) = postSolution
		{C6ECA656-0BB9-4BC7-8EB2-FD9D6BE45604}.Debug|Any CPU.ActiveCfg = Debug|Any CPU
		{C6ECA656-0BB9-4BC7-8EB2-FD9D6BE45604}.Debug|Any CPU.Build.0 = Debug|Any CPU
		{C6ECA656-0BB9-4BC7-8EB2-FD9D6BE45604}.Debug|Any CPU.Deploy.0 = Debug|Any CPU
		{C6ECA656-0BB9-4BC7-8EB2-FD9D6BE45604}.Release|Any CPU.ActiveCfg = Release|Any CPU
		{C6ECA656-0BB9-4BC7-8EB2-FD9D6BE45604}.Release|Any CPU.Build.0 = Release|Any CPU
		{C6ECA656-0BB9-4BC7-8EB2-FD9D6BE45604}.Release|Any CPU.Deploy.0 = Release|Any CPU
		{74505E93-69F9-40A3-A405-8A8AD69036C3}.Debug|Any CPU.ActiveCfg = Debug|Any CPU
		{74505E93-69F9-40A3-A405-8A8AD69036C3}.Debug|Any CPU.Build.0 = Debug|Any CPU
		{74505E93-69F9-40A3-A405-8A8AD69036C3}.Release|Any CPU.ActiveCfg = Release|Any CPU
		{74505E93-69F9-40A3-A405-8A8AD69036C3}.Release|Any CPU.Build.0 = Release|Any CPU
	EndGlobalSection
	GlobalSection(SolutionProperties) = preSolution
		HideSolutionNode = FALSE
	EndGlobalSection
EndGlobal
